
Microsoft Visual Studio Solution File, Format Version 12.00
# Visual Studio 15
VisualStudioVersion = 15.0.28010.2026
MinimumVisualStudioVersion = 10.0.40219.1
Project("{FAE04EC0-301F-11D3-BF4B-00C04F79EFBC}") = "FitFinderBackEnd", "FitFinderBackEnd\FitFinderBackEnd.csproj", "{831DEF2A-D101-4899-9FEB-9C1E0DDFE6A2}"
EndProject
Global
	GlobalSection(SolutionConfigurationPlatforms) = preSolution
		Debug|Any CPU = Debug|Any CPU
		Release|Any CPU = Release|Any CPU
	EndGlobalSection
	GlobalSection(ProjectConfigurationPlatforms) = postSolution
		{831DEF2A-D101-4899-9FEB-9C1E0DDFE6A2}.Debug|Any CPU.ActiveCfg = Debug|Any CPU
		{831DEF2A-D101-4899-9FEB-9C1E0DDFE6A2}.Debug|Any CPU.Build.0 = Debug|Any CPU
		{831DEF2A-D101-4899-9FEB-9C1E0DDFE6A2}.Release|Any CPU.ActiveCfg = Release|Any CPU
		{831DEF2A-D101-4899-9FEB-9C1E0DDFE6A2}.Release|Any CPU.Build.0 = Release|Any CPU
	EndGlobalSection
	GlobalSection(SolutionProperties) = preSolution
		HideSolutionNode = FALSE
	EndGlobalSection
	GlobalSection(ExtensibilityGlobals) = postSolution
		SolutionGuid = {F45738BF-1AE8-4DB0-A9A8-6DD949EEA1E7}
	EndGlobalSection
EndGlobal
